
Microsoft Visual Studio Solution File, Format Version 12.00
# Visual Studio 15
VisualStudioVersion = 15.0.28010.2050
MinimumVisualStudioVersion = 10.0.40219.1
Project("{FAE04EC0-301F-11D3-BF4B-00C04F79EFBC}") = "TutorApp.Android", "TutorApp\TutorApp.Android\TutorApp.Android.csproj", "{60711F9C-9C56-4F20-9FAE-8C21970A97A4}"
EndProject
Project("{FAE04EC0-301F-11D3-BF4B-00C04F79EFBC}") = "TutorApp.iOS", "TutorApp\TutorApp.iOS\TutorApp.iOS.csproj", "{645952AE-EE40-4148-BD3B-EA1ADE3A66EE}"
EndProject
Project("{FAE04EC0-301F-11D3-BF4B-00C04F79EFBC}") = "TutorApp", "TutorApp\TutorApp\TutorApp.csproj", "{B11AB2ED-1BE4-4A5C-B3F6-30E7C48A4E63}"
EndProject
Global
	GlobalSection(SolutionConfigurationPlatforms) = preSolution
		Ad-Hoc|Any CPU = Ad-Hoc|Any CPU
		Ad-Hoc|iPhone = Ad-Hoc|iPhone
		Ad-Hoc|iPhoneSimulator = Ad-Hoc|iPhoneSimulator
		AppStore|Any CPU = AppStore|Any CPU
		AppStore|iPhone = AppStore|iPhone
		AppStore|iPhoneSimulator = AppStore|iPhoneSimulator
		Debug|Any CPU = Debug|Any CPU
		Debug|iPhone = Debug|iPhone
		Debug|iPhoneSimulator = Debug|iPhoneSimulator
		Release|Any CPU = Release|Any CPU
		Release|iPhone = Release|iPhone
		Release|iPhoneSimulator = Release|iPhoneSimulator
	EndGlobalSection
	GlobalSection(ProjectConfigurationPlatforms) = postSolution
		{60711F9C-9C56-4F20-9FAE-8C21970A97A4}.Ad-Hoc|Any CPU.ActiveCfg = Release|Any CPU
		{60711F9C-9C56-4F20-9FAE-8C21970A97A4}.Ad-Hoc|Any CPU.Build.0 = Release|Any CPU
		{60711F9C-9C56-4F20-9FAE-8C21970A97A4}.Ad-Hoc|Any CPU.Deploy.0 = Release|Any CPU
		{60711F9C-9C56-4F20-9FAE-8C21970A97A4}.Ad-Hoc|iPhone.ActiveCfg = Release|Any CPU
		{60711F9C-9C56-4F20-9FAE-8C21970A97A4}.Ad-Hoc|iPhone.Build.0 = Release|Any CPU
		{60711F9C-9C56-4F20-9FAE-8C21970A97A4}.Ad-Hoc|iPhone.Deploy.0 = Release|Any CPU
		{60711F9C-9C56-4F20-9FAE-8C21970A97A4}.Ad-Hoc|iPhoneSimulator.ActiveCfg = Release|Any CPU
		{60711F9C-9C56-4F20-9FAE-8C21970A97A4}.Ad-Hoc|iPhoneSimulator.Build.0 = Release|Any CPU
		{60711F9C-9C56-4F20-9FAE-8C21970A97A4}.Ad-Hoc|iPhoneSimulator.Deploy.0 = Release|Any CPU
		{60711F9C-9C56-4F20-9FAE-8C21970A97A4}.AppStore|Any CPU.ActiveCfg = Release|Any CPU
		{60711F9C-9C56-4F20-9FAE-8C21970A97A4}.AppStore|Any CPU.Build.0 = Release|Any CPU
		{60711F9C-9C56-4F20-9FAE-8C21970A97A4}.AppStore|Any CPU.Deploy.0 = Release|Any CPU
		{60711F9C-9C56-4F20-9FAE-8C21970A97A4}.AppStore|iPhone.ActiveCfg = Release|Any CPU
		{60711F9C-9C56-4F20-9FAE-8C21970A97A4}.AppStore|iPhone.Build.0 = Release|Any CPU
		{60711F9C-9C56-4F20-9FAE-8C21970A97A4}.AppStore|iPhone.Deploy.0 = Release|Any CPU
		{60711F9C-9C56-4F20-9FAE-8C21970A97A4}.AppStore|iPhoneSimulator.ActiveCfg = Release|Any CPU
		{60711F9C-9C56-4F20-9FAE-8C21970A97A4}.AppStore|iPhoneSimulator.Build.0 = Release|Any CPU
		{60711F9C-9C56-4F20-9FAE-8C21970A97A4}.AppStore|iPhoneSimulator.Deploy.0 = Release|Any CPU
		{60711F9C-9C56-4F20-9FAE-8C21970A97A4}.Debug|Any CPU.ActiveCfg = Debug|Any CPU
		{60711F9C-9C56-4F20-9FAE-8C21970A97A4}.Debug|Any CPU.Build.0 = Debug|Any CPU
		{60711F9C-9C56-4F20-9FAE-8C21970A97A4}.Debug|Any CPU.Deploy.0 = Debug|Any CPU
		{60711F9C-9C56-4F20-9FAE-8C21970A97A4}.Debug|iPhone.ActiveCfg = Debug|Any CPU
		{60711F9C-9C56-4F20-9FAE-8C21970A97A4}.Debug|iPhone.Build.0 = Debug|Any CPU
		{60711F9C-9C56-4F20-9FAE-8C21970A97A4}.Debug|iPhone.Deploy.0 = Debug|Any CPU
		{60711F9C-9C56-4F20-9FAE-8C21970A97A4}.Debug|iPhoneSimulator.ActiveCfg = Debug|Any CPU
		{60711F9C-9C56-4F20-9FAE-8C21970A97A4}.Debug|iPhoneSimulator.Build.0 = Debug|Any CPU
		{60711F9C-9C56-4F20-9FAE-8C21970A97A4}.Debug|iPhoneSimulator.Deploy.0 = Debug|Any CPU
		{60711F9C-9C56-4F20-9FAE-8C21970A97A4}.Release|Any CPU.ActiveCfg = Release|Any CPU
		{60711F9C-9C56-4F20-9FAE-8C21970A97A4}.Release|Any CPU.Build.0 = Release|Any CPU
		{60711F9C-9C56-4F20-9FAE-8C21970A97A4}.Release|Any CPU.Deploy.0 = Release|Any CPU
		{60711F9C-9C56-4F20-9FAE-8C21970A97A4}.Release|iPhone.ActiveCfg = Release|Any CPU
		{60711F9C-9C56-4F20-9FAE-8C21970A97A4}.Release|iPhone.Build.0 = Release|Any CPU
		{60711F9C-9C56-4F20-9FAE-8C21970A97A4}.Release|iPhone.Deploy.0 = Release|Any CPU
		{60711F9C-9C56-4F20-9FAE-8C21970A97A4}.Release|iPhoneSimulator.ActiveCfg = Release|Any CPU
		{60711F9C-9C56-4F20-9FAE-8C21970A97A4}.Release|iPhoneSimulator.Build.0 = Release|Any CPU
		{60711F9C-9C56-4F20-9FAE-8C21970A97A4}.Release|iPhoneSimulator.Deploy.0 = Release|Any CPU
		{645952AE-EE40-4148-BD3B-EA1ADE3A66EE}.Ad-Hoc|Any CPU.ActiveCfg = Ad-Hoc|iPhone
		{645952AE-EE40-4148-BD3B-EA1ADE3A66EE}.Ad-Hoc|Any CPU.Build.0 = Ad-Hoc|iPhone
		{645952AE-EE40-4148-BD3B-EA1ADE3A66EE}.Ad-Hoc|Any CPU.Deploy.0 = Ad-Hoc|iPhone
		{645952AE-EE40-4148-BD3B-EA1ADE3A66EE}.Ad-Hoc|iPhone.ActiveCfg = Ad-Hoc|iPhone
		{645952AE-EE40-4148-BD3B-EA1ADE3A66EE}.Ad-Hoc|iPhone.Build.0 = Ad-Hoc|iPhone
		{645952AE-EE40-4148-BD3B-EA1ADE3A66EE}.Ad-Hoc|iPhone.Deploy.0 = Ad-Hoc|iPhone
		{645952AE-EE40-4148-BD3B-EA1ADE3A66EE}.Ad-Hoc|iPhoneSimulator.ActiveCfg = Ad-Hoc|iPhoneSimulator
		{645952AE-EE40-4148-BD3B-EA1ADE3A66EE}.Ad-Hoc|iPhoneSimulator.Build.0 = Ad-Hoc|iPhoneSimulator
		{645952AE-EE40-4148-BD3B-EA1ADE3A66EE}.Ad-Hoc|iPhoneSimulator.Deploy.0 = Ad-Hoc|iPhoneSimulator
		{645952AE-EE40-4148-BD3B-EA1ADE3A66EE}.AppStore|Any CPU.ActiveCfg = AppStore|iPhone
		{645952AE-EE40-4148-BD3B-EA1ADE3A66EE}.AppStore|Any CPU.Build.0 = AppStore|iPhone
		{645952AE-EE40-4148-BD3B-EA1ADE3A66EE}.AppStore|Any CPU.Deploy.0 = AppStore|iPhone
		{645952AE-EE40-4148-BD3B-EA1ADE3A66EE}.AppStore|iPhone.ActiveCfg = AppStore|iPhone
		{645952AE-EE40-4148-BD3B-EA1ADE3A66EE}.AppStore|iPhone.Build.0 = AppStore|iPhone
		{645952AE-EE40-4148-BD3B-EA1ADE3A66EE}.AppStore|iPhone.Deploy.0 = AppStore|iPhone
		{645952AE-EE40-4148-BD3B-EA1ADE3A66EE}.AppStore|iPhoneSimulator.ActiveCfg = AppStore|iPhoneSimulator
		{645952AE-EE40-4148-BD3B-EA1ADE3A66EE}.AppStore|iPhoneSimulator.Build.0 = AppStore|iPhoneSimulator
		{645952AE-EE40-4148-BD3B-EA1ADE3A66EE}.AppStore|iPhoneSimulator.Deploy.0 = AppStore|iPhoneSimulator
		{645952AE-EE40-4148-BD3B-EA1ADE3A66EE}.Debug|Any CPU.ActiveCfg = Debug|iPhoneSimulator
		{645952AE-EE40-4148-BD3B-EA1ADE3A66EE}.Debug|Any CPU.Build.0 = Debug|iPhoneSimulator
		{645952AE-EE40-4148-BD3B-EA1ADE3A66EE}.Debug|Any CPU.Deploy.0 = Debug|iPhoneSimulator
		{645952AE-EE40-4148-BD3B-EA1ADE3A66EE}.Debug|iPhone.ActiveCfg = Debug|iPhone
		{645952AE-EE40-4148-BD3B-EA1ADE3A66EE}.Debug|iPhone.Build.0 = Debug|iPhone
		{645952AE-EE40-4148-BD3B-EA1ADE3A66EE}.Debug|iPhone.Deploy.0 = Debug|iPhone
		{645952AE-EE40-4148-BD3B-EA1ADE3A66EE}.Debug|iPhoneSimulator.ActiveCfg = Debug|iPhoneSimulator
		{645952AE-EE40-4148-BD3B-EA1ADE3A66EE}.Debug|iPhoneSimulator.Build.0 = Debug|iPhoneSimulator
		{645952AE-EE40-4148-BD3B-EA1ADE3A66EE}.Debug|iPhoneSimulator.Deploy.0 = Debug|iPhoneSimulator
		{645952AE-EE40-4148-BD3B-EA1ADE3A66EE}.Release|Any CPU.ActiveCfg = Release|iPhone
		{645952AE-EE40-4148-BD3B-EA1ADE3A66EE}.Release|Any CPU.Build.0 = Release|iPhone
		{645952AE-EE40-4148-BD3B-EA1ADE3A66EE}.Release|Any CPU.Deploy.0 = Release|iPhone
		{645952AE-EE40-4148-BD3B-EA1ADE3A66EE}.Release|iPhone.ActiveCfg = Release|iPhone
		{645952AE-EE40-4148-BD3B-EA1ADE3A66EE}.Release|iPhone.Build.0 = Release|iPhone
		{645952AE-EE40-4148-BD3B-EA1ADE3A66EE}.Release|iPhone.Deploy.0 = Release|iPhone
		{645952AE-EE40-4148-BD3B-EA1ADE3A66EE}.Release|iPhoneSimulator.ActiveCfg = Release|iPhoneSimulator
		{645952AE-EE40-4148-BD3B-EA1ADE3A66EE}.Release|iPhoneSimulator.Build.0 = Release|iPhoneSimulator
		{645952AE-EE40-4148-BD3B-EA1ADE3A66EE}.Release|iPhoneSimulator.Deploy.0 = Release|iPhoneSimulator
		{B11AB2ED-1BE4-4A5C-B3F6-30E7C48A4E63}.Ad-Hoc|Any CPU.ActiveCfg = Debug|Any CPU
		{B11AB2ED-1BE4-4A5C-B3F6-30E7C48A4E63}.Ad-Hoc|Any CPU.Build.0 = Debug|Any CPU
		{B11AB2ED-1BE4-4A5C-B3F6-30E7C48A4E63}.Ad-Hoc|Any CPU.Deploy.0 = Debug|Any CPU
		{B11AB2ED-1BE4-4A5C-B3F6-30E7C48A4E63}.Ad-Hoc|iPhone.ActiveCfg = Debug|Any CPU
		{B11AB2ED-1BE4-4A5C-B3F6-30E7C48A4E63}.Ad-Hoc|iPhone.Build.0 = Debug|Any CPU
		{B11AB2ED-1BE4-4A5C-B3F6-30E7C48A4E63}.Ad-Hoc|iPhone.Deploy.0 = Debug|Any CPU
		{B11AB2ED-1BE4-4A5C-B3F6-30E7C48A4E63}.Ad-Hoc|iPhoneSimulator.ActiveCfg = Debug|Any CPU
		{B11AB2ED-1BE4-4A5C-B3F6-30E7C48A4E63}.Ad-Hoc|iPhoneSimulator.Build.0 = Debug|Any CPU
		{B11AB2ED-1BE4-4A5C-B3F6-30E7C48A4E63}.Ad-Hoc|iPhoneSimulator.Deploy.0 = Debug|Any CPU
		{B11AB2ED-1BE4-4A5C-B3F6-30E7C48A4E63}.AppStore|Any CPU.ActiveCfg = Debug|Any CPU
		{B11AB2ED-1BE4-4A5C-B3F6-30E7C48A4E63}.AppStore|Any CPU.Build.0 = Debug|Any CPU
		{B11AB2ED-1BE4-4A5C-B3F6-30E7C48A4E63}.AppStore|Any CPU.Deploy.0 = Debug|Any CPU
		{B11AB2ED-1BE4-4A5C-B3F6-30E7C48A4E63}.AppStore|iPhone.ActiveCfg = Debug|Any CPU
		{B11AB2ED-1BE4-4A5C-B3F6-30E7C48A4E63}.AppStore|iPhone.Build.0 = Debug|Any CPU
		{B11AB2ED-1BE4-4A5C-B3F6-30E7C48A4E63}.AppStore|iPhone.Deploy.0 = Debug|Any CPU
		{B11AB2ED-1BE4-4A5C-B3F6-30E7C48A4E63}.AppStore|iPhoneSimulator.ActiveCfg = Debug|Any CPU
		{B11AB2ED-1BE4-4A5C-B3F6-30E7C48A4E63}.AppStore|iPhoneSimulator.Build.0 = Debug|Any CPU
		{B11AB2ED-1BE4-4A5C-B3F6-30E7C48A4E63}.AppStore|iPhoneSimulator.Deploy.0 = Debug|Any CPU
		{B11AB2ED-1BE4-4A5C-B3F6-30E7C48A4E63}.Debug|Any CPU.ActiveCfg = Debug|Any CPU
		{B11AB2ED-1BE4-4A5C-B3F6-30E7C48A4E63}.Debug|Any CPU.Build.0 = Debug|Any CPU
		{B11AB2ED-1BE4-4A5C-B3F6-30E7C48A4E63}.Debug|Any CPU.Deploy.0 = Debug|Any CPU
		{B11AB2ED-1BE4-4A5C-B3F6-30E7C48A4E63}.Debug|iPhone.ActiveCfg = Debug|Any CPU
		{B11AB2ED-1BE4-4A5C-B3F6-30E7C48A4E63}.Debug|iPhone.Build.0 = Debug|Any CPU
		{B11AB2ED-1BE4-4A5C-B3F6-30E7C48A4E63}.Debug|iPhone.Deploy.0 = Debug|Any CPU
		{B11AB2ED-1BE4-4A5C-B3F6-30E7C48A4E63}.Debug|iPhoneSimulator.ActiveCfg = Debug|Any CPU
		{B11AB2ED-1BE4-4A5C-B3F6-30E7C48A4E63}.Debug|iPhoneSimulator.Build.0 = Debug|Any CPU
		{B11AB2ED-1BE4-4A5C-B3F6-30E7C48A4E63}.Debug|iPhoneSimulator.Deploy.0 = Debug|Any CPU
		{B11AB2ED-1BE4-4A5C-B3F6-30E7C48A4E63}.Release|Any CPU.ActiveCfg = Release|Any CPU
		{B11AB2ED-1BE4-4A5C-B3F6-30E7C48A4E63}.Release|Any CPU.Build.0 = Release|Any CPU
		{B11AB2ED-1BE4-4A5C-B3F6-30E7C48A4E63}.Release|Any CPU.Deploy.0 = Release|Any CPU
		{B11AB2ED-1BE4-4A5C-B3F6-30E7C48A4E63}.Release|iPhone.ActiveCfg = Release|Any CPU
		{B11AB2ED-1BE4-4A5C-B3F6-30E7C48A4E63}.Release|iPhone.Build.0 = Release|Any CPU
		{B11AB2ED-1BE4-4A5C-B3F6-30E7C48A4E63}.Release|iPhone.Deploy.0 = Release|Any CPU
		{B11AB2ED-1BE4-4A5C-B3F6-30E7C48A4E63}.Release|iPhoneSimulator.ActiveCfg = Release|Any CPU
		{B11AB2ED-1BE4-4A5C-B3F6-30E7C48A4E63}.Release|iPhoneSimulator.Build.0 = Release|Any CPU
		{B11AB2ED-1BE4-4A5C-B3F6-30E7C48A4E63}.Release|iPhoneSimulator.Deploy.0 = Release|Any CPU
	EndGlobalSection
	GlobalSection(SolutionProperties) = preSolution
		HideSolutionNode = FALSE
	EndGlobalSection
	GlobalSection(ExtensibilityGlobals) = postSolution
		SolutionGuid = {B44B4E94-DEF3-46D0-83FA-19550D7F9155}
	EndGlobalSection
EndGlobal
