
Microsoft Visual Studio Solution File, Format Version 12.00
# Visual Studio 15
VisualStudioVersion = 15.0.28010.2050
MinimumVisualStudioVersion = 10.0.40219.1
Project("{FAE04EC0-301F-11D3-BF4B-00C04F79EFBC}") = "TutorApp1.Android", "TutorApp1\TutorApp1.Android\TutorApp1.Android.csproj", "{9C73A2E3-8B4D-4237-B004-10D4E6F9D420}"
EndProject
Project("{FAE04EC0-301F-11D3-BF4B-00C04F79EFBC}") = "TutorApp1.iOS", "TutorApp1\TutorApp1.iOS\TutorApp1.iOS.csproj", "{CDFD1689-0C0D-40BA-8C77-A407FE9CF41C}"
EndProject
Project("{FAE04EC0-301F-11D3-BF4B-00C04F79EFBC}") = "TutorApp1", "TutorApp1\TutorApp1\TutorApp1.csproj", "{CDE21F2A-41A7-46B2-A7E0-6482B174DDA4}"
EndProject
Global
	GlobalSection(SolutionConfigurationPlatforms) = preSolution
		Ad-Hoc|Any CPU = Ad-Hoc|Any CPU
		Ad-Hoc|iPhone = Ad-Hoc|iPhone
		Ad-Hoc|iPhoneSimulator = Ad-Hoc|iPhoneSimulator
		AppStore|Any CPU = AppStore|Any CPU
		AppStore|iPhone = AppStore|iPhone
		AppStore|iPhoneSimulator = AppStore|iPhoneSimulator
		Debug|Any CPU = Debug|Any CPU
		Debug|iPhone = Debug|iPhone
		Debug|iPhoneSimulator = Debug|iPhoneSimulator
		Release|Any CPU = Release|Any CPU
		Release|iPhone = Release|iPhone
		Release|iPhoneSimulator = Release|iPhoneSimulator
	EndGlobalSection
	GlobalSection(ProjectConfigurationPlatforms) = postSolution
		{9C73A2E3-8B4D-4237-B004-10D4E6F9D420}.Ad-Hoc|Any CPU.ActiveCfg = Release|Any CPU
		{9C73A2E3-8B4D-4237-B004-10D4E6F9D420}.Ad-Hoc|Any CPU.Build.0 = Release|Any CPU
		{9C73A2E3-8B4D-4237-B004-10D4E6F9D420}.Ad-Hoc|Any CPU.Deploy.0 = Release|Any CPU
		{9C73A2E3-8B4D-4237-B004-10D4E6F9D420}.Ad-Hoc|iPhone.ActiveCfg = Release|Any CPU
		{9C73A2E3-8B4D-4237-B004-10D4E6F9D420}.Ad-Hoc|iPhone.Build.0 = Release|Any CPU
		{9C73A2E3-8B4D-4237-B004-10D4E6F9D420}.Ad-Hoc|iPhone.Deploy.0 = Release|Any CPU
		{9C73A2E3-8B4D-4237-B004-10D4E6F9D420}.Ad-Hoc|iPhoneSimulator.ActiveCfg = Release|Any CPU
		{9C73A2E3-8B4D-4237-B004-10D4E6F9D420}.Ad-Hoc|iPhoneSimulator.Build.0 = Release|Any CPU
		{9C73A2E3-8B4D-4237-B004-10D4E6F9D420}.Ad-Hoc|iPhoneSimulator.Deploy.0 = Release|Any CPU
		{9C73A2E3-8B4D-4237-B004-10D4E6F9D420}.AppStore|Any CPU.ActiveCfg = Release|Any CPU
		{9C73A2E3-8B4D-4237-B004-10D4E6F9D420}.AppStore|Any CPU.Build.0 = Release|Any CPU
		{9C73A2E3-8B4D-4237-B004-10D4E6F9D420}.AppStore|Any CPU.Deploy.0 = Release|Any CPU
		{9C73A2E3-8B4D-4237-B004-10D4E6F9D420}.AppStore|iPhone.ActiveCfg = Release|Any CPU
		{9C73A2E3-8B4D-4237-B004-10D4E6F9D420}.AppStore|iPhone.Build.0 = Release|Any CPU
		{9C73A2E3-8B4D-4237-B004-10D4E6F9D420}.AppStore|iPhone.Deploy.0 = Release|Any CPU
		{9C73A2E3-8B4D-4237-B004-10D4E6F9D420}.AppStore|iPhoneSimulator.ActiveCfg = Release|Any CPU
		{9C73A2E3-8B4D-4237-B004-10D4E6F9D420}.AppStore|iPhoneSimulator.Build.0 = Release|Any CPU
		{9C73A2E3-8B4D-4237-B004-10D4E6F9D420}.AppStore|iPhoneSimulator.Deploy.0 = Release|Any CPU
		{9C73A2E3-8B4D-4237-B004-10D4E6F9D420}.Debug|Any CPU.ActiveCfg = Debug|Any CPU
		{9C73A2E3-8B4D-4237-B004-10D4E6F9D420}.Debug|Any CPU.Build.0 = Debug|Any CPU
		{9C73A2E3-8B4D-4237-B004-10D4E6F9D420}.Debug|Any CPU.Deploy.0 = Debug|Any CPU
		{9C73A2E3-8B4D-4237-B004-10D4E6F9D420}.Debug|iPhone.ActiveCfg = Debug|Any CPU
		{9C73A2E3-8B4D-4237-B004-10D4E6F9D420}.Debug|iPhone.Build.0 = Debug|Any CPU
		{9C73A2E3-8B4D-4237-B004-10D4E6F9D420}.Debug|iPhone.Deploy.0 = Debug|Any CPU
		{9C73A2E3-8B4D-4237-B004-10D4E6F9D420}.Debug|iPhoneSimulator.ActiveCfg = Debug|Any CPU
		{9C73A2E3-8B4D-4237-B004-10D4E6F9D420}.Debug|iPhoneSimulator.Build.0 = Debug|Any CPU
		{9C73A2E3-8B4D-4237-B004-10D4E6F9D420}.Debug|iPhoneSimulator.Deploy.0 = Debug|Any CPU
		{9C73A2E3-8B4D-4237-B004-10D4E6F9D420}.Release|Any CPU.ActiveCfg = Release|Any CPU
		{9C73A2E3-8B4D-4237-B004-10D4E6F9D420}.Release|Any CPU.Build.0 = Release|Any CPU
		{9C73A2E3-8B4D-4237-B004-10D4E6F9D420}.Release|Any CPU.Deploy.0 = Release|Any CPU
		{9C73A2E3-8B4D-4237-B004-10D4E6F9D420}.Release|iPhone.ActiveCfg = Release|Any CPU
		{9C73A2E3-8B4D-4237-B004-10D4E6F9D420}.Release|iPhone.Build.0 = Release|Any CPU
		{9C73A2E3-8B4D-4237-B004-10D4E6F9D420}.Release|iPhone.Deploy.0 = Release|Any CPU
		{9C73A2E3-8B4D-4237-B004-10D4E6F9D420}.Release|iPhoneSimulator.ActiveCfg = Release|Any CPU
		{9C73A2E3-8B4D-4237-B004-10D4E6F9D420}.Release|iPhoneSimulator.Build.0 = Release|Any CPU
		{9C73A2E3-8B4D-4237-B004-10D4E6F9D420}.Release|iPhoneSimulator.Deploy.0 = Release|Any CPU
		{CDFD1689-0C0D-40BA-8C77-A407FE9CF41C}.Ad-Hoc|Any CPU.ActiveCfg = Ad-Hoc|iPhone
		{CDFD1689-0C0D-40BA-8C77-A407FE9CF41C}.Ad-Hoc|Any CPU.Build.0 = Ad-Hoc|iPhone
		{CDFD1689-0C0D-40BA-8C77-A407FE9CF41C}.Ad-Hoc|Any CPU.Deploy.0 = Ad-Hoc|iPhone
		{CDFD1689-0C0D-40BA-8C77-A407FE9CF41C}.Ad-Hoc|iPhone.ActiveCfg = Ad-Hoc|iPhone
		{CDFD1689-0C0D-40BA-8C77-A407FE9CF41C}.Ad-Hoc|iPhone.Build.0 = Ad-Hoc|iPhone
		{CDFD1689-0C0D-40BA-8C77-A407FE9CF41C}.Ad-Hoc|iPhone.Deploy.0 = Ad-Hoc|iPhone
		{CDFD1689-0C0D-40BA-8C77-A407FE9CF41C}.Ad-Hoc|iPhoneSimulator.ActiveCfg = Ad-Hoc|iPhoneSimulator
		{CDFD1689-0C0D-40BA-8C77-A407FE9CF41C}.Ad-Hoc|iPhoneSimulator.Build.0 = Ad-Hoc|iPhoneSimulator
		{CDFD1689-0C0D-40BA-8C77-A407FE9CF41C}.Ad-Hoc|iPhoneSimulator.Deploy.0 = Ad-Hoc|iPhoneSimulator
		{CDFD1689-0C0D-40BA-8C77-A407FE9CF41C}.AppStore|Any CPU.ActiveCfg = AppStore|iPhone
		{CDFD1689-0C0D-40BA-8C77-A407FE9CF41C}.AppStore|Any CPU.Build.0 = AppStore|iPhone
		{CDFD1689-0C0D-40BA-8C77-A407FE9CF41C}.AppStore|Any CPU.Deploy.0 = AppStore|iPhone
		{CDFD1689-0C0D-40BA-8C77-A407FE9CF41C}.AppStore|iPhone.ActiveCfg = AppStore|iPhone
		{CDFD1689-0C0D-40BA-8C77-A407FE9CF41C}.AppStore|iPhone.Build.0 = AppStore|iPhone
		{CDFD1689-0C0D-40BA-8C77-A407FE9CF41C}.AppStore|iPhone.Deploy.0 = AppStore|iPhone
		{CDFD1689-0C0D-40BA-8C77-A407FE9CF41C}.AppStore|iPhoneSimulator.ActiveCfg = AppStore|iPhoneSimulator
		{CDFD1689-0C0D-40BA-8C77-A407FE9CF41C}.AppStore|iPhoneSimulator.Build.0 = AppStore|iPhoneSimulator
		{CDFD1689-0C0D-40BA-8C77-A407FE9CF41C}.AppStore|iPhoneSimulator.Deploy.0 = AppStore|iPhoneSimulator
		{CDFD1689-0C0D-40BA-8C77-A407FE9CF41C}.Debug|Any CPU.ActiveCfg = Debug|iPhoneSimulator
		{CDFD1689-0C0D-40BA-8C77-A407FE9CF41C}.Debug|Any CPU.Build.0 = Debug|iPhoneSimulator
		{CDFD1689-0C0D-40BA-8C77-A407FE9CF41C}.Debug|Any CPU.Deploy.0 = Debug|iPhoneSimulator
		{CDFD1689-0C0D-40BA-8C77-A407FE9CF41C}.Debug|iPhone.ActiveCfg = Debug|iPhone
		{CDFD1689-0C0D-40BA-8C77-A407FE9CF41C}.Debug|iPhone.Build.0 = Debug|iPhone
		{CDFD1689-0C0D-40BA-8C77-A407FE9CF41C}.Debug|iPhone.Deploy.0 = Debug|iPhone
		{CDFD1689-0C0D-40BA-8C77-A407FE9CF41C}.Debug|iPhoneSimulator.ActiveCfg = Debug|iPhoneSimulator
		{CDFD1689-0C0D-40BA-8C77-A407FE9CF41C}.Debug|iPhoneSimulator.Build.0 = Debug|iPhoneSimulator
		{CDFD1689-0C0D-40BA-8C77-A407FE9CF41C}.Debug|iPhoneSimulator.Deploy.0 = Debug|iPhoneSimulator
		{CDFD1689-0C0D-40BA-8C77-A407FE9CF41C}.Release|Any CPU.ActiveCfg = Release|iPhone
		{CDFD1689-0C0D-40BA-8C77-A407FE9CF41C}.Release|Any CPU.Build.0 = Release|iPhone
		{CDFD1689-0C0D-40BA-8C77-A407FE9CF41C}.Release|Any CPU.Deploy.0 = Release|iPhone
		{CDFD1689-0C0D-40BA-8C77-A407FE9CF41C}.Release|iPhone.ActiveCfg = Release|iPhone
		{CDFD1689-0C0D-40BA-8C77-A407FE9CF41C}.Release|iPhone.Build.0 = Release|iPhone
		{CDFD1689-0C0D-40BA-8C77-A407FE9CF41C}.Release|iPhone.Deploy.0 = Release|iPhone
		{CDFD1689-0C0D-40BA-8C77-A407FE9CF41C}.Release|iPhoneSimulator.ActiveCfg = Release|iPhoneSimulator
		{CDFD1689-0C0D-40BA-8C77-A407FE9CF41C}.Release|iPhoneSimulator.Build.0 = Release|iPhoneSimulator
		{CDFD1689-0C0D-40BA-8C77-A407FE9CF41C}.Release|iPhoneSimulator.Deploy.0 = Release|iPhoneSimulator
		{CDE21F2A-41A7-46B2-A7E0-6482B174DDA4}.Ad-Hoc|Any CPU.ActiveCfg = Debug|Any CPU
		{CDE21F2A-41A7-46B2-A7E0-6482B174DDA4}.Ad-Hoc|Any CPU.Build.0 = Debug|Any CPU
		{CDE21F2A-41A7-46B2-A7E0-6482B174DDA4}.Ad-Hoc|Any CPU.Deploy.0 = Debug|Any CPU
		{CDE21F2A-41A7-46B2-A7E0-6482B174DDA4}.Ad-Hoc|iPhone.ActiveCfg = Debug|Any CPU
		{CDE21F2A-41A7-46B2-A7E0-6482B174DDA4}.Ad-Hoc|iPhone.Build.0 = Debug|Any CPU
		{CDE21F2A-41A7-46B2-A7E0-6482B174DDA4}.Ad-Hoc|iPhone.Deploy.0 = Debug|Any CPU
		{CDE21F2A-41A7-46B2-A7E0-6482B174DDA4}.Ad-Hoc|iPhoneSimulator.ActiveCfg = Debug|Any CPU
		{CDE21F2A-41A7-46B2-A7E0-6482B174DDA4}.Ad-Hoc|iPhoneSimulator.Build.0 = Debug|Any CPU
		{CDE21F2A-41A7-46B2-A7E0-6482B174DDA4}.Ad-Hoc|iPhoneSimulator.Deploy.0 = Debug|Any CPU
		{CDE21F2A-41A7-46B2-A7E0-6482B174DDA4}.AppStore|Any CPU.ActiveCfg = Debug|Any CPU
		{CDE21F2A-41A7-46B2-A7E0-6482B174DDA4}.AppStore|Any CPU.Build.0 = Debug|Any CPU
		{CDE21F2A-41A7-46B2-A7E0-6482B174DDA4}.AppStore|Any CPU.Deploy.0 = Debug|Any CPU
		{CDE21F2A-41A7-46B2-A7E0-6482B174DDA4}.AppStore|iPhone.ActiveCfg = Debug|Any CPU
		{CDE21F2A-41A7-46B2-A7E0-6482B174DDA4}.AppStore|iPhone.Build.0 = Debug|Any CPU
		{CDE21F2A-41A7-46B2-A7E0-6482B174DDA4}.AppStore|iPhone.Deploy.0 = Debug|Any CPU
		{CDE21F2A-41A7-46B2-A7E0-6482B174DDA4}.AppStore|iPhoneSimulator.ActiveCfg = Debug|Any CPU
		{CDE21F2A-41A7-46B2-A7E0-6482B174DDA4}.AppStore|iPhoneSimulator.Build.0 = Debug|Any CPU
		{CDE21F2A-41A7-46B2-A7E0-6482B174DDA4}.AppStore|iPhoneSimulator.Deploy.0 = Debug|Any CPU
		{CDE21F2A-41A7-46B2-A7E0-6482B174DDA4}.Debug|Any CPU.ActiveCfg = Debug|Any CPU
		{CDE21F2A-41A7-46B2-A7E0-6482B174DDA4}.Debug|Any CPU.Build.0 = Debug|Any CPU
		{CDE21F2A-41A7-46B2-A7E0-6482B174DDA4}.Debug|Any CPU.Deploy.0 = Debug|Any CPU
		{CDE21F2A-41A7-46B2-A7E0-6482B174DDA4}.Debug|iPhone.ActiveCfg = Debug|Any CPU
		{CDE21F2A-41A7-46B2-A7E0-6482B174DDA4}.Debug|iPhone.Build.0 = Debug|Any CPU
		{CDE21F2A-41A7-46B2-A7E0-6482B174DDA4}.Debug|iPhone.Deploy.0 = Debug|Any CPU
		{CDE21F2A-41A7-46B2-A7E0-6482B174DDA4}.Debug|iPhoneSimulator.ActiveCfg = Debug|Any CPU
		{CDE21F2A-41A7-46B2-A7E0-6482B174DDA4}.Debug|iPhoneSimulator.Build.0 = Debug|Any CPU
		{CDE21F2A-41A7-46B2-A7E0-6482B174DDA4}.Debug|iPhoneSimulator.Deploy.0 = Debug|Any CPU
		{CDE21F2A-41A7-46B2-A7E0-6482B174DDA4}.Release|Any CPU.ActiveCfg = Release|Any CPU
		{CDE21F2A-41A7-46B2-A7E0-6482B174DDA4}.Release|Any CPU.Build.0 = Release|Any CPU
		{CDE21F2A-41A7-46B2-A7E0-6482B174DDA4}.Release|Any CPU.Deploy.0 = Release|Any CPU
		{CDE21F2A-41A7-46B2-A7E0-6482B174DDA4}.Release|iPhone.ActiveCfg = Release|Any CPU
		{CDE21F2A-41A7-46B2-A7E0-6482B174DDA4}.Release|iPhone.Build.0 = Release|Any CPU
		{CDE21F2A-41A7-46B2-A7E0-6482B174DDA4}.Release|iPhone.Deploy.0 = Release|Any CPU
		{CDE21F2A-41A7-46B2-A7E0-6482B174DDA4}.Release|iPhoneSimulator.ActiveCfg = Release|Any CPU
		{CDE21F2A-41A7-46B2-A7E0-6482B174DDA4}.Release|iPhoneSimulator.Build.0 = Release|Any CPU
		{CDE21F2A-41A7-46B2-A7E0-6482B174DDA4}.Release|iPhoneSimulator.Deploy.0 = Release|Any CPU
	EndGlobalSection
	GlobalSection(SolutionProperties) = preSolution
		HideSolutionNode = FALSE
	EndGlobalSection
	GlobalSection(ExtensibilityGlobals) = postSolution
		SolutionGuid = {C17BAB0C-C2E5-4F43-B172-20B2A08030E3}
	EndGlobalSection
EndGlobal
